schema: '2.0'
stages:
  prepare:
    cmd: cd src && python prepare.py
    deps:
    - path: data/raw/pose
      hash: md5
      md5: ef14a86c269505d31888ba049480d9f8.dir
      size: 373622460
      nfiles: 802
    - path: src/config.py
      hash: md5
      md5: 749d7c432c0ac5df5f8a59a028e1d695
      size: 1724
    - path: src/prepare.py
      hash: md5
      md5: 313643071a9603f2d17f0e431d467f7d
      size: 2886
    params:
      params.yaml:
        prepare:
          val_hives:
          - 20230711b
          - 20230609e
    outs:
    - path: data/split
      hash: md5
      md5: d828d788c3877a6fe76e6a735e2b8a7a.dir
      size: 373375003
      nfiles: 801
  train:
    cmd: cd src && python train.py
    deps:
    - path: data/split
      hash: md5
      md5: e005641360f9a84b0090402bd81cec52.dir
      size: 373623698
      nfiles: 803
    - path: src/config.py
      hash: md5
      md5: 749d7c432c0ac5df5f8a59a028e1d695
      size: 1724
    - path: src/train.py
      hash: md5
      md5: 575a8539e7ee616d215601dfaad4aae4
      size: 7020
    params:
      params.yaml:
        train:
          model: yolo11n-pose.pt
          epochs: 1
          batch: 16
          imgsz: 320
          lr0: 0.01
          patience: 20
          optimizer: auto
